// !$*UTF8*$!
{
	archiveVersion = 1;
	classes = {
	};
	objectVersion = 46;
	objects = {

/* Begin PBXBuildFile section */
		08FB8235F59357231F0EA9F1 /* libPods.a in Frameworks */ = {isa = PBXBuildFile; fileRef = 90DF48097AB2A3B47ECF9178 /* libPods.a */; };
		5A2491281BC2D1A500F726AB /* SearchBar.m in Sources */ = {isa = PBXBuildFile; fileRef = 5A2491271BC2D1A500F726AB /* SearchBar.m */; settings = {ASSET_TAGS = (); }; };
		5A24912E1BC2D73D00F726AB /* UIImage+Effect.m in Sources */ = {isa = PBXBuildFile; fileRef = 5A24912D1BC2D73D00F726AB /* UIImage+Effect.m */; settings = {ASSET_TAGS = (); }; };
		5A2491341BC2DB9F00F726AB /* DropdownMenu.m in Sources */ = {isa = PBXBuildFile; fileRef = 5A2491331BC2DB9F00F726AB /* DropdownMenu.m */; settings = {ASSET_TAGS = (); }; };
		5A24913A1BC2DF8400F726AB /* TitleMenuViewController.m in Sources */ = {isa = PBXBuildFile; fileRef = 5A2491391BC2DF8400F726AB /* TitleMenuViewController.m */; settings = {ASSET_TAGS = (); }; };
		5A6082591BC6BEF000B10279 /* TitleButton.m in Sources */ = {isa = PBXBuildFile; fileRef = 5A6082581BC6BEF000B10279 /* TitleButton.m */; settings = {ASSET_TAGS = (); }; };
		5A66738D1BC2166C00666542 /* DiscoverViewController.m in Sources */ = {isa = PBXBuildFile; fileRef = 5A66736C1BC2166C00666542 /* DiscoverViewController.m */; settings = {ASSET_TAGS = (); }; };
		5A66738E1BC2166C00666542 /* HomeViewController.m in Sources */ = {isa = PBXBuildFile; fileRef = 5A6673721BC2166C00666542 /* HomeViewController.m */; settings = {ASSET_TAGS = (); }; };
		5A66738F1BC2166C00666542 /* TabBarViewController.m in Sources */ = {isa = PBXBuildFile; fileRef = 5A6673781BC2166C00666542 /* TabBarViewController.m */; settings = {ASSET_TAGS = (); }; };
		5A6673901BC2166C00666542 /* MessageCenterViewController.m in Sources */ = {isa = PBXBuildFile; fileRef = 5A66737F1BC2166C00666542 /* MessageCenterViewController.m */; settings = {ASSET_TAGS = (); }; };
		5A6673911BC2166C00666542 /* ProfileViewController.m in Sources */ = {isa = PBXBuildFile; fileRef = 5A66738A1BC2166C00666542 /* ProfileViewController.m */; settings = {ASSET_TAGS = (); }; };
		5A66739A1BC2184B00666542 /* AppDelegate.m in Sources */ = {isa = PBXBuildFile; fileRef = 5A6673981BC2184B00666542 /* AppDelegate.m */; settings = {ASSET_TAGS = (); }; };
		5A66739B1BC2184B00666542 /* main.m in Sources */ = {isa = PBXBuildFile; fileRef = 5A6673991BC2184B00666542 /* main.m */; settings = {ASSET_TAGS = (); }; };
		5A66739E1BC21BE600666542 /* NavigationViewController.m in Sources */ = {isa = PBXBuildFile; fileRef = 5A66739D1BC21BE600666542 /* NavigationViewController.m */; settings = {ASSET_TAGS = (); }; };
		5A6673A21BC222B400666542 /* UIBarButtonItem+Extension.m in Sources */ = {isa = PBXBuildFile; fileRef = 5A6673A11BC222B400666542 /* UIBarButtonItem+Extension.m */; settings = {ASSET_TAGS = (); }; };
		5A6673A51BC2246800666542 /* UIView+Frame.m in Sources */ = {isa = PBXBuildFile; fileRef = 5A6673A41BC2246800666542 /* UIView+Frame.m */; settings = {ASSET_TAGS = (); }; };
		5A6673AA1BC2289900666542 /* Test1ViewController.m in Sources */ = {isa = PBXBuildFile; fileRef = 5A6673A91BC2289900666542 /* Test1ViewController.m */; settings = {ASSET_TAGS = (); }; };
		5A6673AD1BC2391000666542 /* TabBar.m in Sources */ = {isa = PBXBuildFile; fileRef = 5A6673AC1BC2391000666542 /* TabBar.m */; settings = {ASSET_TAGS = (); }; };
		5A6673B31BC2615600666542 /* PlusViewController.m in Sources */ = {isa = PBXBuildFile; fileRef = 5A6673B21BC2615600666542 /* PlusViewController.m */; settings = {ASSET_TAGS = (); }; };
		5A8356661BD15C620009E47D /* HttpTool.m in Sources */ = {isa = PBXBuildFile; fileRef = 5A8356651BD15C620009E47D /* HttpTool.m */; settings = {ASSET_TAGS = (); }; };
		5A83567F1BD15F240009E47D /* MBProgressHUD.bundle in Resources */ = {isa = PBXBuildFile; fileRef = 5A83567D1BD15F240009E47D /* MBProgressHUD.bundle */; settings = {ASSET_TAGS = (); }; };
		5A8356821BD15F9B0009E47D /* MBProgressHUD+YS.m in Sources */ = {isa = PBXBuildFile; fileRef = 5A8356811BD15F9B0009E47D /* MBProgressHUD+YS.m */; settings = {ASSET_TAGS = (); }; };
		5A8356881BD161F60009E47D /* Account.m in Sources */ = {isa = PBXBuildFile; fileRef = 5A8356871BD161F60009E47D /* Account.m */; settings = {ASSET_TAGS = (); }; };
		5A83568B1BD165C40009E47D /* AccountTool.m in Sources */ = {isa = PBXBuildFile; fileRef = 5A83568A1BD165C40009E47D /* AccountTool.m */; settings = {ASSET_TAGS = (); }; };
		5A83568E1BD166A70009E47D /* OAuthViewController.m in Sources */ = {isa = PBXBuildFile; fileRef = 5A83568D1BD166A70009E47D /* OAuthViewController.m */; settings = {ASSET_TAGS = (); }; };
		5A83B6B91BC18B75007B414A /* Main.storyboard in Resources */ = {isa = PBXBuildFile; fileRef = 5A83B6B71BC18B75007B414A /* Main.storyboard */; };
		5A83B6BB1BC18B75007B414A /* Assets.xcassets in Resources */ = {isa = PBXBuildFile; fileRef = 5A83B6BA1BC18B75007B414A /* Assets.xcassets */; };
		5A83B6BE1BC18B75007B414A /* LaunchScreen.storyboard in Resources */ = {isa = PBXBuildFile; fileRef = 5A83B6BC1BC18B75007B414A /* LaunchScreen.storyboard */; };
		5A83B6C91BC18B75007B414A /* WeiboTests.m in Sources */ = {isa = PBXBuildFile; fileRef = 5A83B6C81BC18B75007B414A /* WeiboTests.m */; };
		5A83B6D41BC18B75007B414A /* WeiboUITests.m in Sources */ = {isa = PBXBuildFile; fileRef = 5A83B6D31BC18B75007B414A /* WeiboUITests.m */; };
		5A9E52991BDB87E900600929 /* Status.m in Sources */ = {isa = PBXBuildFile; fileRef = 5A9E52981BDB87E900600929 /* Status.m */; settings = {ASSET_TAGS = (); }; };
		5A9E529C1BDB87FF00600929 /* StatusFrame.m in Sources */ = {isa = PBXBuildFile; fileRef = 5A9E529B1BDB87FF00600929 /* StatusFrame.m */; settings = {ASSET_TAGS = (); }; };
		5A9E529F1BDB886100600929 /* User.m in Sources */ = {isa = PBXBuildFile; fileRef = 5A9E529E1BDB886100600929 /* User.m */; settings = {ASSET_TAGS = (); }; };
		5A9E52AB1BDB912000600929 /* StatusCell.m in Sources */ = {isa = PBXBuildFile; fileRef = 5A9E52AA1BDB912000600929 /* StatusCell.m */; settings = {ASSET_TAGS = (); }; };
		5A9E52AE1BDBD3B200600929 /* NSString+Size.m in Sources */ = {isa = PBXBuildFile; fileRef = 5A9E52AD1BDBD3B200600929 /* NSString+Size.m */; settings = {ASSET_TAGS = (); }; };
		5A9E52B11BDBDAB200600929 /* NSString+Regex.m in Sources */ = {isa = PBXBuildFile; fileRef = 5A9E52B01BDBDAB200600929 /* NSString+Regex.m */; settings = {ASSET_TAGS = (); }; };
		5ABDEBC91BD33E75001CA5F1 /* Const.m in Sources */ = {isa = PBXBuildFile; fileRef = 5ABDEBC81BD33E75001CA5F1 /* Const.m */; settings = {ASSET_TAGS = (); }; };
		5AC99EE41BCA6A83000B04A9 /* NewfeatureViewController.m in Sources */ = {isa = PBXBuildFile; fileRef = 5AC99EE31BCA6A83000B04A9 /* NewfeatureViewController.m */; settings = {ASSET_TAGS = (); }; };
		5AC99EE71BCAB8D0000B04A9 /* UIWindow+Extension.m in Sources */ = {isa = PBXBuildFile; fileRef = 5AC99EE61BCAB8D0000B04A9 /* UIWindow+Extension.m */; settings = {ASSET_TAGS = (); }; };
		5AE56CBB1BDD1D0300AE3CF9 /* NSDate+Time.m in Sources */ = {isa = PBXBuildFile; fileRef = 5AE56CBA1BDD1D0300AE3CF9 /* NSDate+Time.m */; settings = {ASSET_TAGS = (); }; };
		5AE56CBE1BDD2D4E00AE3CF9 /* Photo.m in Sources */ = {isa = PBXBuildFile; fileRef = 5AE56CBD1BDD2D4E00AE3CF9 /* Photo.m */; settings = {ASSET_TAGS = (); }; };
		5AE56CC41BDD2DED00AE3CF9 /* StatusPhotoView.m in Sources */ = {isa = PBXBuildFile; fileRef = 5AE56CC31BDD2DED00AE3CF9 /* StatusPhotoView.m */; settings = {ASSET_TAGS = (); }; };
		5AE56CC71BDD302600AE3CF9 /* StatusPhotosView.m in Sources */ = {isa = PBXBuildFile; fileRef = 5AE56CC61BDD302600AE3CF9 /* StatusPhotosView.m */; settings = {ASSET_TAGS = (); }; };
/* End PBXBuildFile section */

/* Begin PBXContainerItemProxy section */
		5A83B6C51BC18B75007B414A /* PBXContainerItemProxy */ = {
			isa = PBXContainerItemProxy;
			containerPortal = 5A83B6A31BC18B75007B414A /* Project object */;
			proxyType = 1;
			remoteGlobalIDString = 5A83B6AA1BC18B75007B414A;
			remoteInfo = Weibo;
		};
		5A83B6D01BC18B75007B414A /* PBXContainerItemProxy */ = {
			isa = PBXContainerItemProxy;
			containerPortal = 5A83B6A31BC18B75007B414A /* Project object */;
			proxyType = 1;
			remoteGlobalIDString = 5A83B6AA1BC18B75007B414A;
			remoteInfo = Weibo;
		};
/* End PBXContainerItemProxy section */

/* Begin PBXFileReference section */
		1E1D2284CCB4FBC127F747E6 /* Pods.release.xcconfig */ = {isa = PBXFileReference; includeInIndex = 1; lastKnownFileType = text.xcconfig; name = Pods.release.xcconfig; path = "Pods/Target Support Files/Pods/Pods.release.xcconfig"; sourceTree = "<group>"; };
		5A2491261BC2D1A500F726AB /* SearchBar.h */ = {isa = PBXFileReference; fileEncoding = 4; lastKnownFileType = sourcecode.c.h; path = SearchBar.h; sourceTree = "<group>"; };
		5A2491271BC2D1A500F726AB /* SearchBar.m */ = {isa = PBXFileReference; fileEncoding = 4; lastKnownFileType = sourcecode.c.objc; path = SearchBar.m; sourceTree = "<group>"; };
		5A24912C1BC2D73D00F726AB /* UIImage+Effect.h */ = {isa = PBXFileReference; fileEncoding = 4; lastKnownFileType = sourcecode.c.h; path = "UIImage+Effect.h"; sourceTree = "<group>"; };
		5A24912D1BC2D73D00F726AB /* UIImage+Effect.m */ = {isa = PBXFileReference; fileEncoding = 4; lastKnownFileType = sourcecode.c.objc; path = "UIImage+Effect.m"; sourceTree = "<group>"; };
		5A2491321BC2DB9F00F726AB /* DropdownMenu.h */ = {isa = PBXFileReference; fileEncoding = 4; lastKnownFileType = sourcecode.c.h; path = DropdownMenu.h; sourceTree = "<group>"; };
		5A2491331BC2DB9F00F726AB /* DropdownMenu.m */ = {isa = PBXFileReference; fileEncoding = 4; lastKnownFileType = sourcecode.c.objc; path = DropdownMenu.m; sourceTree = "<group>"; };
		5A2491381BC2DF8400F726AB /* TitleMenuViewController.h */ = {isa = PBXFileReference; fileEncoding = 4; lastKnownFileType = sourcecode.c.h; path = TitleMenuViewController.h; sourceTree = "<group>"; };
		5A2491391BC2DF8400F726AB /* TitleMenuViewController.m */ = {isa = PBXFileReference; fileEncoding = 4; lastKnownFileType = sourcecode.c.objc; path = TitleMenuViewController.m; sourceTree = "<group>"; };
		5A6082571BC6BEF000B10279 /* TitleButton.h */ = {isa = PBXFileReference; fileEncoding = 4; lastKnownFileType = sourcecode.c.h; path = TitleButton.h; sourceTree = "<group>"; };
		5A6082581BC6BEF000B10279 /* TitleButton.m */ = {isa = PBXFileReference; fileEncoding = 4; lastKnownFileType = sourcecode.c.objc; path = TitleButton.m; sourceTree = "<group>"; };
		5A66736B1BC2166C00666542 /* DiscoverViewController.h */ = {isa = PBXFileReference; fileEncoding = 4; lastKnownFileType = sourcecode.c.h; path = DiscoverViewController.h; sourceTree = "<group>"; };
		5A66736C1BC2166C00666542 /* DiscoverViewController.m */ = {isa = PBXFileReference; fileEncoding = 4; lastKnownFileType = sourcecode.c.objc; path = DiscoverViewController.m; sourceTree = "<group>"; };
		5A6673711BC2166C00666542 /* HomeViewController.h */ = {isa = PBXFileReference; fileEncoding = 4; lastKnownFileType = sourcecode.c.h; path = HomeViewController.h; sourceTree = "<group>"; };
		5A6673721BC2166C00666542 /* HomeViewController.m */ = {isa = PBXFileReference; fileEncoding = 4; lastKnownFileType = sourcecode.c.objc; path = HomeViewController.m; sourceTree = "<group>"; };
		5A6673771BC2166C00666542 /* TabBarViewController.h */ = {isa = PBXFileReference; fileEncoding = 4; lastKnownFileType = sourcecode.c.h; path = TabBarViewController.h; sourceTree = "<group>"; };
		5A6673781BC2166C00666542 /* TabBarViewController.m */ = {isa = PBXFileReference; fileEncoding = 4; lastKnownFileType = sourcecode.c.objc; path = TabBarViewController.m; sourceTree = "<group>"; };
		5A66737E1BC2166C00666542 /* MessageCenterViewController.h */ = {isa = PBXFileReference; fileEncoding = 4; lastKnownFileType = sourcecode.c.h; path = MessageCenterViewController.h; sourceTree = "<group>"; };
		5A66737F1BC2166C00666542 /* MessageCenterViewController.m */ = {isa = PBXFileReference; fileEncoding = 4; lastKnownFileType = sourcecode.c.objc; path = MessageCenterViewController.m; sourceTree = "<group>"; };
		5A6673891BC2166C00666542 /* ProfileViewController.h */ = {isa = PBXFileReference; fileEncoding = 4; lastKnownFileType = sourcecode.c.h; path = ProfileViewController.h; sourceTree = "<group>"; };
		5A66738A1BC2166C00666542 /* ProfileViewController.m */ = {isa = PBXFileReference; fileEncoding = 4; lastKnownFileType = sourcecode.c.objc; path = ProfileViewController.m; sourceTree = "<group>"; };
		5A6673971BC2184B00666542 /* AppDelegate.h */ = {isa = PBXFileReference; fileEncoding = 4; lastKnownFileType = sourcecode.c.h; path = AppDelegate.h; sourceTree = "<group>"; };
		5A6673981BC2184B00666542 /* AppDelegate.m */ = {isa = PBXFileReference; fileEncoding = 4; lastKnownFileType = sourcecode.c.objc; path = AppDelegate.m; sourceTree = "<group>"; };
		5A6673991BC2184B00666542 /* main.m */ = {isa = PBXFileReference; fileEncoding = 4; lastKnownFileType = sourcecode.c.objc; path = main.m; sourceTree = "<group>"; };
		5A66739C1BC21BE600666542 /* NavigationViewController.h */ = {isa = PBXFileReference; fileEncoding = 4; lastKnownFileType = sourcecode.c.h; path = NavigationViewController.h; sourceTree = "<group>"; };
		5A66739D1BC21BE600666542 /* NavigationViewController.m */ = {isa = PBXFileReference; fileEncoding = 4; lastKnownFileType = sourcecode.c.objc; path = NavigationViewController.m; sourceTree = "<group>"; };
		5A6673A01BC222B400666542 /* UIBarButtonItem+Extension.h */ = {isa = PBXFileReference; fileEncoding = 4; lastKnownFileType = sourcecode.c.h; path = "UIBarButtonItem+Extension.h"; sourceTree = "<group>"; };
		5A6673A11BC222B400666542 /* UIBarButtonItem+Extension.m */ = {isa = PBXFileReference; fileEncoding = 4; lastKnownFileType = sourcecode.c.objc; path = "UIBarButtonItem+Extension.m"; sourceTree = "<group>"; };
		5A6673A31BC2246800666542 /* UIView+Frame.h */ = {isa = PBXFileReference; fileEncoding = 4; lastKnownFileType = sourcecode.c.h; path = "UIView+Frame.h"; sourceTree = "<group>"; };
		5A6673A41BC2246800666542 /* UIView+Frame.m */ = {isa = PBXFileReference; fileEncoding = 4; lastKnownFileType = sourcecode.c.objc; path = "UIView+Frame.m"; sourceTree = "<group>"; };
		5A6673A81BC2289900666542 /* Test1ViewController.h */ = {isa = PBXFileReference; fileEncoding = 4; lastKnownFileType = sourcecode.c.h; path = Test1ViewController.h; sourceTree = "<group>"; };
		5A6673A91BC2289900666542 /* Test1ViewController.m */ = {isa = PBXFileReference; fileEncoding = 4; lastKnownFileType = sourcecode.c.objc; path = Test1ViewController.m; sourceTree = "<group>"; };
		5A6673AB1BC2391000666542 /* TabBar.h */ = {isa = PBXFileReference; fileEncoding = 4; lastKnownFileType = sourcecode.c.h; path = TabBar.h; sourceTree = "<group>"; };
		5A6673AC1BC2391000666542 /* TabBar.m */ = {isa = PBXFileReference; fileEncoding = 4; lastKnownFileType = sourcecode.c.objc; path = TabBar.m; sourceTree = "<group>"; };
		5A6673B11BC2615600666542 /* PlusViewController.h */ = {isa = PBXFileReference; fileEncoding = 4; lastKnownFileType = sourcecode.c.h; path = PlusViewController.h; sourceTree = "<group>"; };
		5A6673B21BC2615600666542 /* PlusViewController.m */ = {isa = PBXFileReference; fileEncoding = 4; lastKnownFileType = sourcecode.c.objc; path = PlusViewController.m; sourceTree = "<group>"; };
		5A8356641BD15C620009E47D /* HttpTool.h */ = {isa = PBXFileReference; fileEncoding = 4; lastKnownFileType = sourcecode.c.h; path = HttpTool.h; sourceTree = "<group>"; };
		5A8356651BD15C620009E47D /* HttpTool.m */ = {isa = PBXFileReference; fileEncoding = 4; lastKnownFileType = sourcecode.c.objc; path = HttpTool.m; sourceTree = "<group>"; };
		5A83567D1BD15F240009E47D /* MBProgressHUD.bundle */ = {isa = PBXFileReference; lastKnownFileType = "wrapper.plug-in"; path = MBProgressHUD.bundle; sourceTree = "<group>"; };
		5A8356801BD15F9B0009E47D /* MBProgressHUD+YS.h */ = {isa = PBXFileReference; fileEncoding = 4; lastKnownFileType = sourcecode.c.h; path = "MBProgressHUD+YS.h"; sourceTree = "<group>"; };
		5A8356811BD15F9B0009E47D /* MBProgressHUD+YS.m */ = {isa = PBXFileReference; fileEncoding = 4; lastKnownFileType = sourcecode.c.objc; path = "MBProgressHUD+YS.m"; sourceTree = "<group>"; };
		5A8356861BD161F60009E47D /* Account.h */ = {isa = PBXFileReference; fileEncoding = 4; lastKnownFileType = sourcecode.c.h; path = Account.h; sourceTree = "<group>"; };
		5A8356871BD161F60009E47D /* Account.m */ = {isa = PBXFileReference; fileEncoding = 4; lastKnownFileType = sourcecode.c.objc; path = Account.m; sourceTree = "<group>"; };
		5A8356891BD165C40009E47D /* AccountTool.h */ = {isa = PBXFileReference; fileEncoding = 4; lastKnownFileType = sourcecode.c.h; path = AccountTool.h; sourceTree = "<group>"; };
		5A83568A1BD165C40009E47D /* AccountTool.m */ = {isa = PBXFileReference; fileEncoding = 4; lastKnownFileType = sourcecode.c.objc; path = AccountTool.m; sourceTree = "<group>"; };
		5A83568C1BD166A70009E47D /* OAuthViewController.h */ = {isa = PBXFileReference; fileEncoding = 4; lastKnownFileType = sourcecode.c.h; path = OAuthViewController.h; sourceTree = "<group>"; };
		5A83568D1BD166A70009E47D /* OAuthViewController.m */ = {isa = PBXFileReference; fileEncoding = 4; lastKnownFileType = sourcecode.c.objc; path = OAuthViewController.m; sourceTree = "<group>"; };
		5A83B6AB1BC18B75007B414A /* Weibo.app */ = {isa = PBXFileReference; explicitFileType = wrapper.application; includeInIndex = 0; path = Weibo.app; sourceTree = BUILT_PRODUCTS_DIR; };
		5A83B6B81BC18B75007B414A /* Base */ = {isa = PBXFileReference; lastKnownFileType = file.storyboard; name = Base; path = Base.lproj/Main.storyboard; sourceTree = "<group>"; };
		5A83B6BA1BC18B75007B414A /* Assets.xcassets */ = {isa = PBXFileReference; lastKnownFileType = folder.assetcatalog; path = Assets.xcassets; sourceTree = "<group>"; };
		5A83B6BD1BC18B75007B414A /* Base */ = {isa = PBXFileReference; lastKnownFileType = file.storyboard; name = Base; path = Base.lproj/LaunchScreen.storyboard; sourceTree = "<group>"; };
		5A83B6BF1BC18B75007B414A /* Info.plist */ = {isa = PBXFileReference; lastKnownFileType = text.plist.xml; path = Info.plist; sourceTree = "<group>"; };
		5A83B6C41BC18B75007B414A /* WeiboTests.xctest */ = {isa = PBXFileReference; explicitFileType = wrapper.cfbundle; includeInIndex = 0; path = WeiboTests.xctest; sourceTree = BUILT_PRODUCTS_DIR; };
		5A83B6C81BC18B75007B414A /* WeiboTests.m */ = {isa = PBXFileReference; lastKnownFileType = sourcecode.c.objc; path = WeiboTests.m; sourceTree = "<group>"; };
		5A83B6CA1BC18B75007B414A /* Info.plist */ = {isa = PBXFileReference; lastKnownFileType = text.plist.xml; path = Info.plist; sourceTree = "<group>"; };
		5A83B6CF1BC18B75007B414A /* WeiboUITests.xctest */ = {isa = PBXFileReference; explicitFileType = wrapper.cfbundle; includeInIndex = 0; path = WeiboUITests.xctest; sourceTree = BUILT_PRODUCTS_DIR; };
		5A83B6D31BC18B75007B414A /* WeiboUITests.m */ = {isa = PBXFileReference; lastKnownFileType = sourcecode.c.objc; path = WeiboUITests.m; sourceTree = "<group>"; };
		5A83B6D51BC18B75007B414A /* Info.plist */ = {isa = PBXFileReference; lastKnownFileType = text.plist.xml; path = Info.plist; sourceTree = "<group>"; };
		5A83B6E31BC190A5007B414A /* PrefixHeader.pch */ = {isa = PBXFileReference; lastKnownFileType = sourcecode.c.h; path = PrefixHeader.pch; sourceTree = "<group>"; };
		5A9E52971BDB87E900600929 /* Status.h */ = {isa = PBXFileReference; fileEncoding = 4; lastKnownFileType = sourcecode.c.h; path = Status.h; sourceTree = "<group>"; };
		5A9E52981BDB87E900600929 /* Status.m */ = {isa = PBXFileReference; fileEncoding = 4; lastKnownFileType = sourcecode.c.objc; path = Status.m; sourceTree = "<group>"; };
		5A9E529A1BDB87FF00600929 /* StatusFrame.h */ = {isa = PBXFileReference; fileEncoding = 4; lastKnownFileType = sourcecode.c.h; path = StatusFrame.h; sourceTree = "<group>"; };
		5A9E529B1BDB87FF00600929 /* StatusFrame.m */ = {isa = PBXFileReference; fileEncoding = 4; lastKnownFileType = sourcecode.c.objc; path = StatusFrame.m; sourceTree = "<group>"; };
		5A9E529D1BDB886100600929 /* User.h */ = {isa = PBXFileReference; fileEncoding = 4; lastKnownFileType = sourcecode.c.h; path = User.h; sourceTree = "<group>"; };
		5A9E529E1BDB886100600929 /* User.m */ = {isa = PBXFileReference; fileEncoding = 4; lastKnownFileType = sourcecode.c.objc; path = User.m; sourceTree = "<group>"; };
		5A9E52A91BDB912000600929 /* StatusCell.h */ = {isa = PBXFileReference; fileEncoding = 4; lastKnownFileType = sourcecode.c.h; path = StatusCell.h; sourceTree = "<group>"; };
		5A9E52AA1BDB912000600929 /* StatusCell.m */ = {isa = PBXFileReference; fileEncoding = 4; lastKnownFileType = sourcecode.c.objc; path = StatusCell.m; sourceTree = "<group>"; };
		5A9E52AC1BDBD3B200600929 /* NSString+Size.h */ = {isa = PBXFileReference; fileEncoding = 4; lastKnownFileType = sourcecode.c.h; path = "NSString+Size.h"; sourceTree = "<group>"; };
		5A9E52AD1BDBD3B200600929 /* NSString+Size.m */ = {isa = PBXFileReference; fileEncoding = 4; lastKnownFileType = sourcecode.c.objc; path = "NSString+Size.m"; sourceTree = "<group>"; };
		5A9E52AF1BDBDAB200600929 /* NSString+Regex.h */ = {isa = PBXFileReference; fileEncoding = 4; lastKnownFileType = sourcecode.c.h; path = "NSString+Regex.h"; sourceTree = "<group>"; };
		5A9E52B01BDBDAB200600929 /* NSString+Regex.m */ = {isa = PBXFileReference; fileEncoding = 4; lastKnownFileType = sourcecode.c.objc; path = "NSString+Regex.m"; sourceTree = "<group>"; };
		5ABDEBC71BD33E75001CA5F1 /* Const.h */ = {isa = PBXFileReference; fileEncoding = 4; lastKnownFileType = sourcecode.c.h; path = Const.h; sourceTree = "<group>"; };
		5ABDEBC81BD33E75001CA5F1 /* Const.m */ = {isa = PBXFileReference; fileEncoding = 4; lastKnownFileType = sourcecode.c.objc; path = Const.m; sourceTree = "<group>"; };
		5AC99EE21BCA6A83000B04A9 /* NewfeatureViewController.h */ = {isa = PBXFileReference; fileEncoding = 4; lastKnownFileType = sourcecode.c.h; path = NewfeatureViewController.h; sourceTree = "<group>"; };
		5AC99EE31BCA6A83000B04A9 /* NewfeatureViewController.m */ = {isa = PBXFileReference; fileEncoding = 4; lastKnownFileType = sourcecode.c.objc; path = NewfeatureViewController.m; sourceTree = "<group>"; };
		5AC99EE51BCAB8D0000B04A9 /* UIWindow+Extension.h */ = {isa = PBXFileReference; fileEncoding = 4; lastKnownFileType = sourcecode.c.h; path = "UIWindow+Extension.h"; sourceTree = "<group>"; };
		5AC99EE61BCAB8D0000B04A9 /* UIWindow+Extension.m */ = {isa = PBXFileReference; fileEncoding = 4; lastKnownFileType = sourcecode.c.objc; path = "UIWindow+Extension.m"; sourceTree = "<group>"; };
		5AE56CB91BDD1D0300AE3CF9 /* NSDate+Time.h */ = {isa = PBXFileReference; fileEncoding = 4; lastKnownFileType = sourcecode.c.h; path = "NSDate+Time.h"; sourceTree = "<group>"; };
		5AE56CBA1BDD1D0300AE3CF9 /* NSDate+Time.m */ = {isa = PBXFileReference; fileEncoding = 4; lastKnownFileType = sourcecode.c.objc; path = "NSDate+Time.m"; sourceTree = "<group>"; };
		5AE56CBC1BDD2D4E00AE3CF9 /* Photo.h */ = {isa = PBXFileReference; fileEncoding = 4; lastKnownFileType = sourcecode.c.h; path = Photo.h; sourceTree = "<group>"; };
		5AE56CBD1BDD2D4E00AE3CF9 /* Photo.m */ = {isa = PBXFileReference; fileEncoding = 4; lastKnownFileType = sourcecode.c.objc; path = Photo.m; sourceTree = "<group>"; };
		5AE56CC21BDD2DED00AE3CF9 /* StatusPhotoView.h */ = {isa = PBXFileReference; fileEncoding = 4; lastKnownFileType = sourcecode.c.h; path = StatusPhotoView.h; sourceTree = "<group>"; };
		5AE56CC31BDD2DED00AE3CF9 /* StatusPhotoView.m */ = {isa = PBXFileReference; fileEncoding = 4; lastKnownFileType = sourcecode.c.objc; path = StatusPhotoView.m; sourceTree = "<group>"; };
		5AE56CC51BDD302600AE3CF9 /* StatusPhotosView.h */ = {isa = PBXFileReference; fileEncoding = 4; lastKnownFileType = sourcecode.c.h; path = StatusPhotosView.h; sourceTree = "<group>"; };
		5AE56CC61BDD302600AE3CF9 /* StatusPhotosView.m */ = {isa = PBXFileReference; fileEncoding = 4; lastKnownFileType = sourcecode.c.objc; path = StatusPhotosView.m; sourceTree = "<group>"; };
		63CC039B003E9CD315E8C43F /* Pods.debug.xcconfig */ = {isa = PBXFileReference; includeInIndex = 1; lastKnownFileType = text.xcconfig; name = Pods.debug.xcconfig; path = "Pods/Target Support Files/Pods/Pods.debug.xcconfig"; sourceTree = "<group>"; };
		90DF48097AB2A3B47ECF9178 /* libPods.a */ = {isa = PBXFileReference; explicitFileType = archive.ar; includeInIndex = 0; path = libPods.a; sourceTree = BUILT_PRODUCTS_DIR; };
/* End PBXFileReference section */

/* Begin PBXFrameworksBuildPhase section */
		5A83B6A81BC18B75007B414A /* Frameworks */ = {
			isa = PBXFrameworksBuildPhase;
			buildActionMask = 2147483647;
			files = (
				08FB8235F59357231F0EA9F1 /* libPods.a in Frameworks */,
			);
			runOnlyForDeploymentPostprocessing = 0;
		};
		5A83B6C11BC18B75007B414A /* Frameworks */ = {
			isa = PBXFrameworksBuildPhase;
			buildActionMask = 2147483647;
			files = (
			);
			runOnlyForDeploymentPostprocessing = 0;
		};
		5A83B6CC1BC18B75007B414A /* Frameworks */ = {
			isa = PBXFrameworksBuildPhase;
			buildActionMask = 2147483647;
			files = (
			);
			runOnlyForDeploymentPostprocessing = 0;
		};
/* End PBXFrameworksBuildPhase section */

/* Begin PBXGroup section */
		1089DC294F605A6628B55872 /* Frameworks */ = {
			isa = PBXGroup;
			children = (
				90DF48097AB2A3B47ECF9178 /* libPods.a */,
			);
			name = Frameworks;
			sourceTree = "<group>";
		};
		5A6673681BC2166C00666542 /* Classes */ = {
			isa = PBXGroup;
			children = (
				5A6673821BC2166C00666542 /* Newfeature */,
				5A6673691BC2166C00666542 /* Discover */,
				5A66736F1BC2166C00666542 /* Home */,
				5A6673751BC2166C00666542 /* Main */,
				5A66737C1BC2166C00666542 /* MessageCenter */,
				5A6673861BC2166C00666542 /* OAuth */,
				5A6673871BC2166C00666542 /* Profile */,
				5A6673A71BC2288700666542 /* Temp */,
			);
			path = Classes;
			sourceTree = "<group>";
		};
		5A6673691BC2166C00666542 /* Discover */ = {
			isa = PBXGroup;
			children = (
				5A66736A1BC2166C00666542 /* Controller */,
				5A66736D1BC2166C00666542 /* Model */,
				5A66736E1BC2166C00666542 /* View */,
			);
			path = Discover;
			sourceTree = "<group>";
		};
		5A66736A1BC2166C00666542 /* Controller */ = {
			isa = PBXGroup;
			children = (
				5A66736B1BC2166C00666542 /* DiscoverViewController.h */,
				5A66736C1BC2166C00666542 /* DiscoverViewController.m */,
			);
			path = Controller;
			sourceTree = "<group>";
		};
		5A66736D1BC2166C00666542 /* Model */ = {
			isa = PBXGroup;
			children = (
			);
			path = Model;
			sourceTree = "<group>";
		};
		5A66736E1BC2166C00666542 /* View */ = {
			isa = PBXGroup;
			children = (
			);
			path = View;
			sourceTree = "<group>";
		};
		5A66736F1BC2166C00666542 /* Home */ = {
			isa = PBXGroup;
			children = (
				5A6673701BC2166C00666542 /* Controller */,
				5A6673731BC2166C00666542 /* Model */,
				5A6673741BC2166C00666542 /* View */,
			);
			path = Home;
			sourceTree = "<group>";
		};
		5A6673701BC2166C00666542 /* Controller */ = {
			isa = PBXGroup;
			children = (
				5A6673711BC2166C00666542 /* HomeViewController.h */,
				5A6673721BC2166C00666542 /* HomeViewController.m */,
			);
			path = Controller;
			sourceTree = "<group>";
		};
		5A6673731BC2166C00666542 /* Model */ = {
			isa = PBXGroup;
			children = (
				5A9E529D1BDB886100600929 /* User.h */,
				5A9E529E1BDB886100600929 /* User.m */,
				5A9E52971BDB87E900600929 /* Status.h */,
				5A9E52981BDB87E900600929 /* Status.m */,
				5A9E529A1BDB87FF00600929 /* StatusFrame.h */,
				5A9E529B1BDB87FF00600929 /* StatusFrame.m */,
				5AE56CBC1BDD2D4E00AE3CF9 /* Photo.h */,
				5AE56CBD1BDD2D4E00AE3CF9 /* Photo.m */,
			);
			path = Model;
			sourceTree = "<group>";
		};
		5A6673741BC2166C00666542 /* View */ = {
			isa = PBXGroup;
			children = (
				5A6082571BC6BEF000B10279 /* TitleButton.h */,
				5A6082581BC6BEF000B10279 /* TitleButton.m */,
				5A9E52A91BDB912000600929 /* StatusCell.h */,
				5A9E52AA1BDB912000600929 /* StatusCell.m */,
				5AE56CC21BDD2DED00AE3CF9 /* StatusPhotoView.h */,
				5AE56CC31BDD2DED00AE3CF9 /* StatusPhotoView.m */,
				5AE56CC51BDD302600AE3CF9 /* StatusPhotosView.h */,
				5AE56CC61BDD302600AE3CF9 /* StatusPhotosView.m */,
			);
			path = View;
			sourceTree = "<group>";
		};
		5A6673751BC2166C00666542 /* Main */ = {
			isa = PBXGroup;
			children = (
				5A8356741BD15EEA0009E47D /* Library */,
				5A8356631BD15BD60009E47D /* Tool */,
				5A66739F1BC2228300666542 /* Category */,
				5A6673761BC2166C00666542 /* Controller */,
				5A66737B1BC2166C00666542 /* View */,
			);
			path = Main;
			sourceTree = "<group>";
		};
		5A6673761BC2166C00666542 /* Controller */ = {
			isa = PBXGroup;
			children = (
				5A6673771BC2166C00666542 /* TabBarViewController.h */,
				5A6673781BC2166C00666542 /* TabBarViewController.m */,
				5A66739C1BC21BE600666542 /* NavigationViewController.h */,
				5A66739D1BC21BE600666542 /* NavigationViewController.m */,
				5A6673B11BC2615600666542 /* PlusViewController.h */,
				5A6673B21BC2615600666542 /* PlusViewController.m */,
			);
			path = Controller;
			sourceTree = "<group>";
		};
		5A66737B1BC2166C00666542 /* View */ = {
			isa = PBXGroup;
			children = (
				5A6673AB1BC2391000666542 /* TabBar.h */,
				5A6673AC1BC2391000666542 /* TabBar.m */,
				5A2491261BC2D1A500F726AB /* SearchBar.h */,
				5A2491271BC2D1A500F726AB /* SearchBar.m */,
				5A2491321BC2DB9F00F726AB /* DropdownMenu.h */,
				5A2491331BC2DB9F00F726AB /* DropdownMenu.m */,
			);
			path = View;
			sourceTree = "<group>";
		};
		5A66737C1BC2166C00666542 /* MessageCenter */ = {
			isa = PBXGroup;
			children = (
				5A66737D1BC2166C00666542 /* Controller */,
				5A6673801BC2166C00666542 /* Model */,
				5A6673811BC2166C00666542 /* View */,
			);
			path = MessageCenter;
			sourceTree = "<group>";
		};
		5A66737D1BC2166C00666542 /* Controller */ = {
			isa = PBXGroup;
			children = (
				5A66737E1BC2166C00666542 /* MessageCenterViewController.h */,
				5A66737F1BC2166C00666542 /* MessageCenterViewController.m */,
			);
			path = Controller;
			sourceTree = "<group>";
		};
		5A6673801BC2166C00666542 /* Model */ = {
			isa = PBXGroup;
			children = (
			);
			path = Model;
			sourceTree = "<group>";
		};
		5A6673811BC2166C00666542 /* View */ = {
			isa = PBXGroup;
			children = (
			);
			path = View;
			sourceTree = "<group>";
		};
		5A6673821BC2166C00666542 /* Newfeature */ = {
			isa = PBXGroup;
			children = (
				5A6673831BC2166C00666542 /* Controller */,
			);
			path = Newfeature;
			sourceTree = "<group>";
		};
		5A6673831BC2166C00666542 /* Controller */ = {
			isa = PBXGroup;
			children = (
				5AC99EE21BCA6A83000B04A9 /* NewfeatureViewController.h */,
				5AC99EE31BCA6A83000B04A9 /* NewfeatureViewController.m */,
			);
			path = Controller;
			sourceTree = "<group>";
		};
		5A6673861BC2166C00666542 /* OAuth */ = {
			isa = PBXGroup;
			children = (
				5A8356831BD161E50009E47D /* Controller */,
				5A8356841BD161E50009E47D /* Model */,
				5A8356851BD161E50009E47D /* Tool */,
			);
			path = OAuth;
			sourceTree = "<group>";
		};
		5A6673871BC2166C00666542 /* Profile */ = {
			isa = PBXGroup;
			children = (
				5A6673881BC2166C00666542 /* Controller */,
				5A66738B1BC2166C00666542 /* Model */,
				5A66738C1BC2166C00666542 /* View */,
			);
			path = Profile;
			sourceTree = "<group>";
		};
		5A6673881BC2166C00666542 /* Controller */ = {
			isa = PBXGroup;
			children = (
				5A6673891BC2166C00666542 /* ProfileViewController.h */,
				5A66738A1BC2166C00666542 /* ProfileViewController.m */,
			);
			path = Controller;
			sourceTree = "<group>";
		};
		5A66738B1BC2166C00666542 /* Model */ = {
			isa = PBXGroup;
			children = (
			);
			path = Model;
			sourceTree = "<group>";
		};
		5A66738C1BC2166C00666542 /* View */ = {
			isa = PBXGroup;
			children = (
			);
			path = View;
			sourceTree = "<group>";
		};
		5A66739F1BC2228300666542 /* Category */ = {
			isa = PBXGroup;
			children = (
				5A9E52AF1BDBDAB200600929 /* NSString+Regex.h */,
				5A9E52B01BDBDAB200600929 /* NSString+Regex.m */,
				5A6673A01BC222B400666542 /* UIBarButtonItem+Extension.h */,
				5A6673A11BC222B400666542 /* UIBarButtonItem+Extension.m */,
				5A6673A31BC2246800666542 /* UIView+Frame.h */,
				5A6673A41BC2246800666542 /* UIView+Frame.m */,
				5A24912C1BC2D73D00F726AB /* UIImage+Effect.h */,
				5A24912D1BC2D73D00F726AB /* UIImage+Effect.m */,
				5AC99EE51BCAB8D0000B04A9 /* UIWindow+Extension.h */,
				5AC99EE61BCAB8D0000B04A9 /* UIWindow+Extension.m */,
				5A9E52AC1BDBD3B200600929 /* NSString+Size.h */,
				5A9E52AD1BDBD3B200600929 /* NSString+Size.m */,
				5AE56CB91BDD1D0300AE3CF9 /* NSDate+Time.h */,
				5AE56CBA1BDD1D0300AE3CF9 /* NSDate+Time.m */,
			);
			path = Category;
			sourceTree = "<group>";
		};
		5A6673A71BC2288700666542 /* Temp */ = {
			isa = PBXGroup;
			children = (
				5A6673A81BC2289900666542 /* Test1ViewController.h */,
				5A6673A91BC2289900666542 /* Test1ViewController.m */,
				5A2491381BC2DF8400F726AB /* TitleMenuViewController.h */,
				5A2491391BC2DF8400F726AB /* TitleMenuViewController.m */,
			);
			path = Temp;
			sourceTree = "<group>";
		};
		5A8356631BD15BD60009E47D /* Tool */ = {
			isa = PBXGroup;
			children = (
				5A8356641BD15C620009E47D /* HttpTool.h */,
				5A8356651BD15C620009E47D /* HttpTool.m */,
			);
			path = Tool;
			sourceTree = "<group>";
		};
		5A8356741BD15EEA0009E47D /* Library */ = {
			isa = PBXGroup;
			children = (
				5A83567A1BD15F240009E47D /* MBProgressHUD */,
			);
			path = Library;
			sourceTree = "<group>";
		};
		5A83567A1BD15F240009E47D /* MBProgressHUD */ = {
			isa = PBXGroup;
			children = (
				5A83567D1BD15F240009E47D /* MBProgressHUD.bundle */,
				5A8356801BD15F9B0009E47D /* MBProgressHUD+YS.h */,
				5A8356811BD15F9B0009E47D /* MBProgressHUD+YS.m */,
			);
			path = MBProgressHUD;
			sourceTree = "<group>";
		};
		5A8356831BD161E50009E47D /* Controller */ = {
			isa = PBXGroup;
			children = (
				5A83568C1BD166A70009E47D /* OAuthViewController.h */,
				5A83568D1BD166A70009E47D /* OAuthViewController.m */,
			);
			path = Controller;
			sourceTree = "<group>";
		};
		5A8356841BD161E50009E47D /* Model */ = {
			isa = PBXGroup;
			children = (
				5A8356861BD161F60009E47D /* Account.h */,
				5A8356871BD161F60009E47D /* Account.m */,
			);
			path = Model;
			sourceTree = "<group>";
		};
		5A8356851BD161E50009E47D /* Tool */ = {
			isa = PBXGroup;
			children = (
				5A8356891BD165C40009E47D /* AccountTool.h */,
				5A83568A1BD165C40009E47D /* AccountTool.m */,
				5ABDEBC71BD33E75001CA5F1 /* Const.h */,
				5ABDEBC81BD33E75001CA5F1 /* Const.m */,
			);
			path = Tool;
			sourceTree = "<group>";
		};
		5A83B6A21BC18B75007B414A = {
			isa = PBXGroup;
			children = (
				5A83B6AD1BC18B75007B414A /* Weibo */,
				5A83B6C71BC18B75007B414A /* WeiboTests */,
				5A83B6D21BC18B75007B414A /* WeiboUITests */,
				5A83B6AC1BC18B75007B414A /* Products */,
				92B760FA997F33401DAA739A /* Pods */,
				1089DC294F605A6628B55872 /* Frameworks */,
			);
			sourceTree = "<group>";
		};
		5A83B6AC1BC18B75007B414A /* Products */ = {
			isa = PBXGroup;
			children = (
				5A83B6AB1BC18B75007B414A /* Weibo.app */,
				5A83B6C41BC18B75007B414A /* WeiboTests.xctest */,
				5A83B6CF1BC18B75007B414A /* WeiboUITests.xctest */,
			);
			name = Products;
			sourceTree = "<group>";
		};
		5A83B6AD1BC18B75007B414A /* Weibo */ = {
			isa = PBXGroup;
			children = (
				5A6673681BC2166C00666542 /* Classes */,
				5A83B6AE1BC18B75007B414A /* Supporting Files */,
			);
			path = Weibo;
			sourceTree = "<group>";
		};
		5A83B6AE1BC18B75007B414A /* Supporting Files */ = {
			isa = PBXGroup;
			children = (
				5A6673991BC2184B00666542 /* main.m */,
				5A6673971BC2184B00666542 /* AppDelegate.h */,
				5A6673981BC2184B00666542 /* AppDelegate.m */,
				5A83B6B71BC18B75007B414A /* Main.storyboard */,
				5A83B6BA1BC18B75007B414A /* Assets.xcassets */,
				5A83B6BC1BC18B75007B414A /* LaunchScreen.storyboard */,
				5A83B6BF1BC18B75007B414A /* Info.plist */,
				5A83B6E31BC190A5007B414A /* PrefixHeader.pch */,
			);
			name = "Supporting Files";
			sourceTree = "<group>";
		};
		5A83B6C71BC18B75007B414A /* WeiboTests */ = {
			isa = PBXGroup;
			children = (
				5A83B6C81BC18B75007B414A /* WeiboTests.m */,
				5A83B6CA1BC18B75007B414A /* Info.plist */,
			);
			path = WeiboTests;
			sourceTree = "<group>";
		};
		5A83B6D21BC18B75007B414A /* WeiboUITests */ = {
			isa = PBXGroup;
			children = (
				5A83B6D31BC18B75007B414A /* WeiboUITests.m */,
				5A83B6D51BC18B75007B414A /* Info.plist */,
			);
			path = WeiboUITests;
			sourceTree = "<group>";
		};
		92B760FA997F33401DAA739A /* Pods */ = {
			isa = PBXGroup;
			children = (
				63CC039B003E9CD315E8C43F /* Pods.debug.xcconfig */,
				1E1D2284CCB4FBC127F747E6 /* Pods.release.xcconfig */,
			);
			name = Pods;
			sourceTree = "<group>";
		};
/* End PBXGroup section */

/* Begin PBXNativeTarget section */
		5A83B6AA1BC18B75007B414A /* Weibo */ = {
			isa = PBXNativeTarget;
			buildConfigurationList = 5A83B6D81BC18B75007B414A /* Build configuration list for PBXNativeTarget "Weibo" */;
			buildPhases = (
				9015944259CCC7A2C8FC0DF6 /* Check Pods Manifest.lock */,
				5A83B6A71BC18B75007B414A /* Sources */,
				5A83B6A81BC18B75007B414A /* Frameworks */,
				5A83B6A91BC18B75007B414A /* Resources */,
				F6F3FEE4180B378F6149163A /* Copy Pods Resources */,
			);
			buildRules = (
			);
			dependencies = (
			);
			name = Weibo;
			productName = Weibo;
			productReference = 5A83B6AB1BC18B75007B414A /* Weibo.app */;
			productType = "com.apple.product-type.application";
		};
		5A83B6C31BC18B75007B414A /* WeiboTests */ = {
			isa = PBXNativeTarget;
			buildConfigurationList = 5A83B6DB1BC18B75007B414A /* Build configuration list for PBXNativeTarget "WeiboTests" */;
			buildPhases = (
				5A83B6C01BC18B75007B414A /* Sources */,
				5A83B6C11BC18B75007B414A /* Frameworks */,
				5A83B6C21BC18B75007B414A /* Resources */,
			);
			buildRules = (
			);
			dependencies = (
				5A83B6C61BC18B75007B414A /* PBXTargetDependency */,
			);
			name = WeiboTests;
			productName = WeiboTests;
			productReference = 5A83B6C41BC18B75007B414A /* WeiboTests.xctest */;
			productType = "com.apple.product-type.bundle.unit-test";
		};
		5A83B6CE1BC18B75007B414A /* WeiboUITests */ = {
			isa = PBXNativeTarget;
			buildConfigurationList = 5A83B6DE1BC18B75007B414A /* Build configuration list for PBXNativeTarget "WeiboUITests" */;
			buildPhases = (
				5A83B6CB1BC18B75007B414A /* Sources */,
				5A83B6CC1BC18B75007B414A /* Frameworks */,
				5A83B6CD1BC18B75007B414A /* Resources */,
			);
			buildRules = (
			);
			dependencies = (
				5A83B6D11BC18B75007B414A /* PBXTargetDependency */,
			);
			name = WeiboUITests;
			productName = WeiboUITests;
			productReference = 5A83B6CF1BC18B75007B414A /* WeiboUITests.xctest */;
			productType = "com.apple.product-type.bundle.ui-testing";
		};
/* End PBXNativeTarget section */

/* Begin PBXProject section */
		5A83B6A31BC18B75007B414A /* Project object */ = {
			isa = PBXProject;
			attributes = {
				LastUpgradeCheck = 0700;
				ORGANIZATIONNAME = Jiangys;
				TargetAttributes = {
					5A83B6AA1BC18B75007B414A = {
						CreatedOnToolsVersion = 7.0;
					};
					5A83B6C31BC18B75007B414A = {
						CreatedOnToolsVersion = 7.0;
						TestTargetID = 5A83B6AA1BC18B75007B414A;
					};
					5A83B6CE1BC18B75007B414A = {
						CreatedOnToolsVersion = 7.0;
						TestTargetID = 5A83B6AA1BC18B75007B414A;
					};
				};
			};
			buildConfigurationList = 5A83B6A61BC18B75007B414A /* Build configuration list for PBXProject "Weibo" */;
			compatibilityVersion = "Xcode 3.2";
			developmentRegion = English;
			hasScannedForEncodings = 0;
			knownRegions = (
				en,
				Base,
			);
			mainGroup = 5A83B6A21BC18B75007B414A;
			productRefGroup = 5A83B6AC1BC18B75007B414A /* Products */;
			projectDirPath = "";
			projectRoot = "";
			targets = (
				5A83B6AA1BC18B75007B414A /* Weibo */,
				5A83B6C31BC18B75007B414A /* WeiboTests */,
				5A83B6CE1BC18B75007B414A /* WeiboUITests */,
			);
		};
/* End PBXProject section */

/* Begin PBXResourcesBuildPhase section */
		5A83B6A91BC18B75007B414A /* Resources */ = {
			isa = PBXResourcesBuildPhase;
			buildActionMask = 2147483647;
			files = (
				5A83B6BE1BC18B75007B414A /* LaunchScreen.storyboard in Resources */,
				5A83567F1BD15F240009E47D /* MBProgressHUD.bundle in Resources */,
				5A83B6BB1BC18B75007B414A /* Assets.xcassets in Resources */,
				5A83B6B91BC18B75007B414A /* Main.storyboard in Resources */,
			);
			runOnlyForDeploymentPostprocessing = 0;
		};
		5A83B6C21BC18B75007B414A /* Resources */ = {
			isa = PBXResourcesBuildPhase;
			buildActionMask = 2147483647;
			files = (
			);
			runOnlyForDeploymentPostprocessing = 0;
		};
		5A83B6CD1BC18B75007B414A /* Resources */ = {
			isa = PBXResourcesBuildPhase;
			buildActionMask = 2147483647;
			files = (
			);
			runOnlyForDeploymentPostprocessing = 0;
		};
/* End PBXResourcesBuildPhase section */

/* Begin PBXShellScriptBuildPhase section */
		9015944259CCC7A2C8FC0DF6 /* Check Pods Manifest.lock */ = {
			isa = PBXShellScriptBuildPhase;
			buildActionMask = 2147483647;
			files = (
			);
			inputPaths = (
			);
			name = "Check Pods Manifest.lock";
			outputPaths = (
			);
			runOnlyForDeploymentPostprocessing = 0;
			shellPath = /bin/sh;
			shellScript = "diff \"${PODS_ROOT}/../Podfile.lock\" \"${PODS_ROOT}/Manifest.lock\" > /dev/null\nif [[ $? != 0 ]] ; then\n    cat << EOM\nerror: The sandbox is not in sync with the Podfile.lock. Run 'pod install' or update your CocoaPods installation.\nEOM\n    exit 1\nfi\n";
			showEnvVarsInLog = 0;
		};
		F6F3FEE4180B378F6149163A /* Copy Pods Resources */ = {
			isa = PBXShellScriptBuildPhase;
			buildActionMask = 2147483647;
			files = (
			);
			inputPaths = (
			);
			name = "Copy Pods Resources";
			outputPaths = (
			);
			runOnlyForDeploymentPostprocessing = 0;
			shellPath = /bin/sh;
			shellScript = "\"${SRCROOT}/Pods/Target Support Files/Pods/Pods-resources.sh\"\n";
			showEnvVarsInLog = 0;
		};
/* End PBXShellScriptBuildPhase section */

/* Begin PBXSourcesBuildPhase section */
		5A83B6A71BC18B75007B414A /* Sources */ = {
			isa = PBXSourcesBuildPhase;
			buildActionMask = 2147483647;
			files = (
				5A6082591BC6BEF000B10279 /* TitleButton.m in Sources */,
				5A8356821BD15F9B0009E47D /* MBProgressHUD+YS.m in Sources */,
				5AC99EE71BCAB8D0000B04A9 /* UIWindow+Extension.m in Sources */,
				5A66738D1BC2166C00666542 /* DiscoverViewController.m in Sources */,
				5A6673901BC2166C00666542 /* MessageCenterViewController.m in Sources */,
				5A66739A1BC2184B00666542 /* AppDelegate.m in Sources */,
				5A24912E1BC2D73D00F726AB /* UIImage+Effect.m in Sources */,
				5A9E52991BDB87E900600929 /* Status.m in Sources */,
				5A6673AD1BC2391000666542 /* TabBar.m in Sources */,
				5A9E52B11BDBDAB200600929 /* NSString+Regex.m in Sources */,
				5A9E52AE1BDBD3B200600929 /* NSString+Size.m in Sources */,
				5A6673AA1BC2289900666542 /* Test1ViewController.m in Sources */,
				5A6673B31BC2615600666542 /* PlusViewController.m in Sources */,
				5AC99EE41BCA6A83000B04A9 /* NewfeatureViewController.m in Sources */,
				5ABDEBC91BD33E75001CA5F1 /* Const.m in Sources */,
				5A83568B1BD165C40009E47D /* AccountTool.m in Sources */,
				5A66738F1BC2166C00666542 /* TabBarViewController.m in Sources */,
				5AE56CC71BDD302600AE3CF9 /* StatusPhotosView.m in Sources */,
				5A66739E1BC21BE600666542 /* NavigationViewController.m in Sources */,
				5A66738E1BC2166C00666542 /* HomeViewController.m in Sources */,
				5A6673A21BC222B400666542 /* UIBarButtonItem+Extension.m in Sources */,
				5A2491341BC2DB9F00F726AB /* DropdownMenu.m in Sources */,
				5A24913A1BC2DF8400F726AB /* TitleMenuViewController.m in Sources */,
				5A8356881BD161F60009E47D /* Account.m in Sources */,
				5A66739B1BC2184B00666542 /* main.m in Sources */,
				5A6673A51BC2246800666542 /* UIView+Frame.m in Sources */,
				5A9E529C1BDB87FF00600929 /* StatusFrame.m in Sources */,
				5AE56CBE1BDD2D4E00AE3CF9 /* Photo.m in Sources */,
				5AE56CC41BDD2DED00AE3CF9 /* StatusPhotoView.m in Sources */,
				5A9E529F1BDB886100600929 /* User.m in Sources */,
				5A6673911BC2166C00666542 /* ProfileViewController.m in Sources */,
				5A2491281BC2D1A500F726AB /* SearchBar.m in Sources */,
				5A8356661BD15C620009E47D /* HttpTool.m in Sources */,
				5A9E52AB1BDB912000600929 /* StatusCell.m in Sources */,
				5A83568E1BD166A70009E47D /* OAuthViewController.m in Sources */,
				5AE56CBB1BDD1D0300AE3CF9 /* NSDate+Time.m in Sources */,
			);
			runOnlyForDeploymentPostprocessing = 0;
		};
		5A83B6C01BC18B75007B414A /* Sources */ = {
			isa = PBXSourcesBuildPhase;
			buildActionMask = 2147483647;
			files = (
				5A83B6C91BC18B75007B414A /* WeiboTests.m in Sources */,
			);
			runOnlyForDeploymentPostprocessing = 0;
		};
		5A83B6CB1BC18B75007B414A /* Sources */ = {
			isa = PBXSourcesBuildPhase;
			buildActionMask = 2147483647;
			files = (
				5A83B6D41BC18B75007B414A /* WeiboUITests.m in Sources */,
			);
			runOnlyForDeploymentPostprocessing = 0;
		};
/* End PBXSourcesBuildPhase section */

/* Begin PBXTargetDependency section */
		5A83B6C61BC18B75007B414A /* PBXTargetDependency */ = {
			isa = PBXTargetDependency;
			target = 5A83B6AA1BC18B75007B414A /* Weibo */;
			targetProxy = 5A83B6C51BC18B75007B414A /* PBXContainerItemProxy */;
		};
		5A83B6D11BC18B75007B414A /* PBXTargetDependency */ = {
			isa = PBXTargetDependency;
			target = 5A83B6AA1BC18B75007B414A /* Weibo */;
			targetProxy = 5A83B6D01BC18B75007B414A /* PBXContainerItemProxy */;
		};
/* End PBXTargetDependency section */

/* Begin PBXVariantGroup section */
		5A83B6B71BC18B75007B414A /* Main.storyboard */ = {
			isa = PBXVariantGroup;
			children = (
				5A83B6B81BC18B75007B414A /* Base */,
			);
			name = Main.storyboard;
			sourceTree = "<group>";
		};
		5A83B6BC1BC18B75007B414A /* LaunchScreen.storyboard */ = {
			isa = PBXVariantGroup;
			children = (
				5A83B6BD1BC18B75007B414A /* Base */,
			);
			name = LaunchScreen.storyboard;
			sourceTree = "<group>";
		};
/* End PBXVariantGroup section */

/* Begin XCBuildConfiguration section */
		5A83B6D61BC18B75007B414A /* Debug */ = {
			isa = XCBuildConfiguration;
			buildSettings = {
				ALWAYS_SEARCH_USER_PATHS = NO;
				CLANG_CXX_LANGUAGE_STANDARD = "gnu++0x";
				CLANG_CXX_LIBRARY = "libc++";
				CLANG_ENABLE_MODULES = YES;
				CLANG_ENABLE_OBJC_ARC = YES;
				CLANG_WARN_BOOL_CONVERSION = YES;
				CLANG_WARN_CONSTANT_CONVERSION = YES;
				CLANG_WARN_DIRECT_OBJC_ISA_USAGE = YES_ERROR;
				CLANG_WARN_EMPTY_BODY = YES;
				CLANG_WARN_ENUM_CONVERSION = YES;
				CLANG_WARN_INT_CONVERSION = YES;
				CLANG_WARN_OBJC_ROOT_CLASS = YES_ERROR;
				CLANG_WARN_UNREACHABLE_CODE = YES;
				CLANG_WARN__DUPLICATE_METHOD_MATCH = YES;
				"CODE_SIGN_IDENTITY[sdk=iphoneos*]" = "iPhone Developer";
				COPY_PHASE_STRIP = NO;
				DEBUG_INFORMATION_FORMAT = dwarf;
				ENABLE_STRICT_OBJC_MSGSEND = YES;
				ENABLE_TESTABILITY = YES;
				GCC_C_LANGUAGE_STANDARD = gnu99;
				GCC_DYNAMIC_NO_PIC = NO;
				GCC_NO_COMMON_BLOCKS = YES;
				GCC_OPTIMIZATION_LEVEL = 0;
				GCC_PREPROCESSOR_DEFINITIONS = (
					"DEBUG=1",
					"$(inherited)",
				);
				GCC_WARN_64_TO_32_BIT_CONVERSION = YES;
				GCC_WARN_ABOUT_RETURN_TYPE = YES_ERROR;
				GCC_WARN_UNDECLARED_SELECTOR = YES;
				GCC_WARN_UNINITIALIZED_AUTOS = YES_AGGRESSIVE;
				GCC_WARN_UNUSED_FUNCTION = YES;
				GCC_WARN_UNUSED_VARIABLE = YES;
				IPHONEOS_DEPLOYMENT_TARGET = 7.0;
				MTL_ENABLE_DEBUG_INFO = YES;
				ONLY_ACTIVE_ARCH = YES;
				PRODUCT_NAME = "$(TARGET_NAME)";
				SDKROOT = iphoneos;
			};
			name = Debug;
		};
		5A83B6D71BC18B75007B414A /* Release */ = {
			isa = XCBuildConfiguration;
			buildSettings = {
				ALWAYS_SEARCH_USER_PATHS = NO;
				CLANG_CXX_LANGUAGE_STANDARD = "gnu++0x";
				CLANG_CXX_LIBRARY = "libc++";
				CLANG_ENABLE_MODULES = YES;
				CLANG_ENABLE_OBJC_ARC = YES;
				CLANG_WARN_BOOL_CONVERSION = YES;
				CLANG_WARN_CONSTANT_CONVERSION = YES;
				CLANG_WARN_DIRECT_OBJC_ISA_USAGE = YES_ERROR;
				CLANG_WARN_EMPTY_BODY = YES;
				CLANG_WARN_ENUM_CONVERSION = YES;
				CLANG_WARN_INT_CONVERSION = YES;
				CLANG_WARN_OBJC_ROOT_CLASS = YES_ERROR;
				CLANG_WARN_UNREACHABLE_CODE = YES;
				CLANG_WARN__DUPLICATE_METHOD_MATCH = YES;
				"CODE_SIGN_IDENTITY[sdk=iphoneos*]" = "iPhone Developer";
				COPY_PHASE_STRIP = NO;
				DEBUG_INFORMATION_FORMAT = "dwarf-with-dsym";
				ENABLE_NS_ASSERTIONS = NO;
				ENABLE_STRICT_OBJC_MSGSEND = YES;
				GCC_C_LANGUAGE_STANDARD = gnu99;
				GCC_NO_COMMON_BLOCKS = YES;
				GCC_WARN_64_TO_32_BIT_CONVERSION = YES;
				GCC_WARN_ABOUT_RETURN_TYPE = YES_ERROR;
				GCC_WARN_UNDECLARED_SELECTOR = YES;
				GCC_WARN_UNINITIALIZED_AUTOS = YES_AGGRESSIVE;
				GCC_WARN_UNUSED_FUNCTION = YES;
				GCC_WARN_UNUSED_VARIABLE = YES;
				IPHONEOS_DEPLOYMENT_TARGET = 7.0;
				MTL_ENABLE_DEBUG_INFO = NO;
				PRODUCT_NAME = "$(TARGET_NAME)";
				SDKROOT = iphoneos;
				VALIDATE_PRODUCT = YES;
			};
			name = Release;
		};
		5A83B6D91BC18B75007B414A /* Debug */ = {
			isa = XCBuildConfiguration;
			baseConfigurationReference = 63CC039B003E9CD315E8C43F /* Pods.debug.xcconfig */;
			buildSettings = {
				ASSETCATALOG_COMPILER_APPICON_NAME = AppIcon;
				ASSETCATALOG_COMPILER_LAUNCHIMAGE_NAME = LaunchImage;
				GCC_PREFIX_HEADER = "$(SRCROOT)/Weibo/PrefixHeader.pch";
				INFOPLIST_FILE = Weibo/Info.plist;
				IPHONEOS_DEPLOYMENT_TARGET = 7.0;
				LD_RUNPATH_SEARCH_PATHS = "$(inherited) @executable_path/Frameworks";
				PRODUCT_BUNDLE_IDENTIFIER = cn.jiangys.Weibo;
				PRODUCT_NAME = "$(TARGET_NAME)";
			};
			name = Debug;
		};
		5A83B6DA1BC18B75007B414A /* Release */ = {
			isa = XCBuildConfiguration;
			baseConfigurationReference = 1E1D2284CCB4FBC127F747E6 /* Pods.release.xcconfig */;
			buildSettings = {
				ASSETCATALOG_COMPILER_APPICON_NAME = AppIcon;
				ASSETCATALOG_COMPILER_LAUNCHIMAGE_NAME = LaunchImage;
				GCC_PREFIX_HEADER = "$(SRCROOT)/Weibo/PrefixHeader.pch";
				INFOPLIST_FILE = Weibo/Info.plist;
				IPHONEOS_DEPLOYMENT_TARGET = 7.0;
				LD_RUNPATH_SEARCH_PATHS = "$(inherited) @executable_path/Frameworks";
				PRODUCT_BUNDLE_IDENTIFIER = cn.jiangys.Weibo;
				PRODUCT_NAME = "$(TARGET_NAME)";
			};
			name = Release;
		};
		5A83B6DC1BC18B75007B414A /* Debug */ = {
			isa = XCBuildConfiguration;
			buildSettings = {
				BUNDLE_LOADER = "$(TEST_HOST)";
				INFOPLIST_FILE = WeiboTests/Info.plist;
				LD_RUNPATH_SEARCH_PATHS = "$(inherited) @executable_path/Frameworks @loader_path/Frameworks";
				PRODUCT_BUNDLE_IDENTIFIER = cn.jiangys.WeiboTests;
				PRODUCT_NAME = "$(TARGET_NAME)";
				TEST_HOST = "$(BUILT_PRODUCTS_DIR)/Weibo.app/Weibo";
			};
			name = Debug;
		};
		5A83B6DD1BC18B75007B414A /* Release */ = {
			isa = XCBuildConfiguration;
			buildSettings = {
				BUNDLE_LOADER = "$(TEST_HOST)";
				INFOPLIST_FILE = WeiboTests/Info.plist;
				LD_RUNPATH_SEARCH_PATHS = "$(inherited) @executable_path/Frameworks @loader_path/Frameworks";
				PRODUCT_BUNDLE_IDENTIFIER = cn.jiangys.WeiboTests;
				PRODUCT_NAME = "$(TARGET_NAME)";
				TEST_HOST = "$(BUILT_PRODUCTS_DIR)/Weibo.app/Weibo";
			};
			name = Release;
		};
		5A83B6DF1BC18B75007B414A /* Debug */ = {
			isa = XCBuildConfiguration;
			buildSettings = {
				INFOPLIST_FILE = WeiboUITests/Info.plist;
				LD_RUNPATH_SEARCH_PATHS = "$(inherited) @executable_path/Frameworks @loader_path/Frameworks";
				PRODUCT_BUNDLE_IDENTIFIER = cn.jiangys.WeiboUITests;
				PRODUCT_NAME = "$(TARGET_NAME)";
				TEST_TARGET_NAME = Weibo;
				USES_XCTRUNNER = YES;
			};
			name = Debug;
		};
		5A83B6E01BC18B75007B414A /* Release */ = {
			isa = XCBuildConfiguration;
			buildSettings = {
				INFOPLIST_FILE = WeiboUITests/Info.plist;
				LD_RUNPATH_SEARCH_PATHS = "$(inherited) @executable_path/Frameworks @loader_path/Frameworks";
				PRODUCT_BUNDLE_IDENTIFIER = cn.jiangys.WeiboUITests;
				PRODUCT_NAME = "$(TARGET_NAME)";
				TEST_TARGET_NAME = Weibo;
				USES_XCTRUNNER = YES;
			};
			name = Release;
		};
/* End XCBuildConfiguration section */

/* Begin XCConfigurationList section */
		5A83B6A61BC18B75007B414A /* Build configuration list for PBXProject "Weibo" */ = {
			isa = XCConfigurationList;
			buildConfigurations = (
				5A83B6D61BC18B75007B414A /* Debug */,
				5A83B6D71BC18B75007B414A /* Release */,
			);
			defaultConfigurationIsVisible = 0;
			defaultConfigurationName = Release;
		};
		5A83B6D81BC18B75007B414A /* Build configuration list for PBXNativeTarget "Weibo" */ = {
			isa = XCConfigurationList;
			buildConfigurations = (
				5A83B6D91BC18B75007B414A /* Debug */,
				5A83B6DA1BC18B75007B414A /* Release */,
			);
			defaultConfigurationIsVisible = 0;
			defaultConfigurationName = Release;
		};
		5A83B6DB1BC18B75007B414A /* Build configuration list for PBXNativeTarget "WeiboTests" */ = {
			isa = XCConfigurationList;
			buildConfigurations = (
				5A83B6DC1BC18B75007B414A /* Debug */,
				5A83B6DD1BC18B75007B414A /* Release */,
			);
			defaultConfigurationIsVisible = 0;
			defaultConfigurationName = Release;
		};
		5A83B6DE1BC18B75007B414A /* Build configuration list for PBXNativeTarget "WeiboUITests" */ = {
			isa = XCConfigurationList;
			buildConfigurations = (
				5A83B6DF1BC18B75007B414A /* Debug */,
				5A83B6E01BC18B75007B414A /* Release */,
			);
			defaultConfigurationIsVisible = 0;
			defaultConfigurationName = Release;
		};
/* End XCConfigurationList section */
	};
	rootObject = 5A83B6A31BC18B75007B414A /* Project object */;
}
